{
  "name": "omise",
  "version": "1.0.0",
  "lockfileVersion": 1,
  "requires": true,
  "dependencies": {
    "ion-datetime-picker": {
      "version": "0.5.2",
      "resolved": "https://registry.npmjs.org/ion-datetime-picker/-/ion-datetime-picker-0.5.2.tgz",
      "integrity": "sha1-mYJr8i9CisCRlefmtTQJG2875ko="
    }
  }
}
